
Microsoft Visual Studio Solution File, Format Version 12.00
# Visual Studio Version 17
VisualStudioVersion = 17.5.002.0
MinimumVisualStudioVersion = 10.0.40219.1
Project("{2150E333-8FDC-42A3-9474-1A3956D46DE8}") = "csharp-prep", "csharp-prep", "{6DEE7D3E-8FAF-4778-AC46-DC3BA8F512AE}"
EndProject
Project("{9A19103F-16F7-4668-BE54-9A1E7A4F7556}") = "Prep1", "csharp-prep\Prep1\Prep1.csproj", "{4DEDB443-8DE5-40C7-B8C0-17633BD4DF16}"
EndProject
Project("{9A19103F-16F7-4668-BE54-9A1E7A4F7556}") = "Prep2", "csharp-prep\Prep2\Prep2.csproj", "{6F1D49B7-42CD-4B0F-9052-91C6F23FE441}"
EndProject
Project("{9A19103F-16F7-4668-BE54-9A1E7A4F7556}") = "Prep3", "csharp-prep\Prep3\Prep3.csproj", "{8FE9C599-167C-4472-9536-762D9AC5F5A7}"
EndProject
Project("{9A19103F-16F7-4668-BE54-9A1E7A4F7556}") = "Prep4", "csharp-prep\Prep4\Prep4.csproj", "{387D29EF-4B89-4A37-99BB-EE94107843A0}"
EndProject
Project("{9A19103F-16F7-4668-BE54-9A1E7A4F7556}") = "Prep5", "csharp-prep\Prep5\Prep5.csproj", "{1FA75263-8C63-4EBB-9A02-355AA8A5542E}"
EndProject
Project("{2150E333-8FDC-42A3-9474-1A3956D46DE8}") = "final", "final", "{836E9337-6F41-4F68-8208-F8B2F61FF65F}"
EndProject
Project("{9A19103F-16F7-4668-BE54-9A1E7A4F7556}") = "FinalProject", "final\FinalProject\FinalProject.csproj", "{1124F5A8-DD3A-4B1C-A347-213628F58516}"
EndProject
Project("{9A19103F-16F7-4668-BE54-9A1E7A4F7556}") = "Foundation1", "final\Foundation1\Foundation1.csproj", "{C7D293F8-9B5F-4FAA-BB9E-BB1547690DB8}"
EndProject
Project("{9A19103F-16F7-4668-BE54-9A1E7A4F7556}") = "Foundation2", "final\Foundation2\Foundation2.csproj", "{65033CA5-1768-4E42-AF0A-1834FB764E5A}"
EndProject
Project("{9A19103F-16F7-4668-BE54-9A1E7A4F7556}") = "Foundation3", "final\Foundation3\Foundation3.csproj", "{9ED55981-3FF9-4CB2-97F9-21B756AD8262}"
EndProject
Project("{9A19103F-16F7-4668-BE54-9A1E7A4F7556}") = "Foundation4", "final\Foundation4\Foundation4.csproj", "{2C64A100-2B17-4092-8694-B27AF41889C5}"
EndProject
Project("{2150E333-8FDC-42A3-9474-1A3956D46DE8}") = "prepare", "prepare", "{9B41DB7D-B5FC-4343-87D3-D93E6B10535B}"
EndProject
Project("{9A19103F-16F7-4668-BE54-9A1E7A4F7556}") = "Learning02", "prepare\Learning02\Learning02.csproj", "{3B174806-49F4-4E67-8293-FE522D84927B}"
EndProject
Project("{9A19103F-16F7-4668-BE54-9A1E7A4F7556}") = "Learning03", "prepare\Learning03\Learning03.csproj", "{D8429154-E198-4A48-B3E2-9F86404BE827}"
EndProject
Project("{9A19103F-16F7-4668-BE54-9A1E7A4F7556}") = "Learning04", "prepare\Learning04\Learning04.csproj", "{A6495EDA-A0E4-4607-B4D0-CBA752D072FA}"
EndProject
Project("{9A19103F-16F7-4668-BE54-9A1E7A4F7556}") = "Learning05", "prepare\Learning05\Learning05.csproj", "{05C8D3E8-FE27-4F4C-8E73-83964D55EEB3}"
EndProject
Project("{2150E333-8FDC-42A3-9474-1A3956D46DE8}") = "prove", "prove", "{4CADE5DC-0C89-481B-BD14-2370579B2E94}"
EndProject
Project("{9A19103F-16F7-4668-BE54-9A1E7A4F7556}") = "Develop02", "prove\Develop02\Develop02.csproj", "{AFD5BA47-34CE-41F5-B363-2B81DC00B093}"
EndProject
Project("{9A19103F-16F7-4668-BE54-9A1E7A4F7556}") = "Develop03", "prove\Develop03\Develop03.csproj", "{F69724F4-914C-4CD6-94BB-FC584E08E98B}"
EndProject
Project("{9A19103F-16F7-4668-BE54-9A1E7A4F7556}") = "Develop04", "prove\Develop04\Develop04.csproj", "{CB03AA9F-2ECA-48AB-AE53-FBC8607B6DAB}"
EndProject
Project("{9A19103F-16F7-4668-BE54-9A1E7A4F7556}") = "Develop05", "prove\Develop05\Develop05.csproj", "{E0C518FE-5EC3-43A0-AF10-54A5AE6BD3B4}"
EndProject
Project("{2150E333-8FDC-42A3-9474-1A3956D46DE8}") = "sandbox", "sandbox", "{4D88C4C9-ACBF-425F-8FF6-51A58DA6B855}"
EndProject
Project("{9A19103F-16F7-4668-BE54-9A1E7A4F7556}") = "Sandbox", "sandbox\Sandbox\Sandbox.csproj", "{44DEAA6E-010D-4045-AE74-A21B92BE38E6}"
EndProject
Global
	GlobalSection(SolutionConfigurationPlatforms) = preSolution
		Debug|Any CPU = Debug|Any CPU
		Release|Any CPU = Release|Any CPU
	EndGlobalSection
	GlobalSection(ProjectConfigurationPlatforms) = postSolution
		{4DEDB443-8DE5-40C7-B8C0-17633BD4DF16}.Debug|Any CPU.ActiveCfg = Debug|Any CPU
		{4DEDB443-8DE5-40C7-B8C0-17633BD4DF16}.Debug|Any CPU.Build.0 = Debug|Any CPU
		{4DEDB443-8DE5-40C7-B8C0-17633BD4DF16}.Release|Any CPU.ActiveCfg = Release|Any CPU
		{4DEDB443-8DE5-40C7-B8C0-17633BD4DF16}.Release|Any CPU.Build.0 = Release|Any CPU
		{6F1D49B7-42CD-4B0F-9052-91C6F23FE441}.Debug|Any CPU.ActiveCfg = Debug|Any CPU
		{6F1D49B7-42CD-4B0F-9052-91C6F23FE441}.Debug|Any CPU.Build.0 = Debug|Any CPU
		{6F1D49B7-42CD-4B0F-9052-91C6F23FE441}.Release|Any CPU.ActiveCfg = Release|Any CPU
		{6F1D49B7-42CD-4B0F-9052-91C6F23FE441}.Release|Any CPU.Build.0 = Release|Any CPU
		{8FE9C599-167C-4472-9536-762D9AC5F5A7}.Debug|Any CPU.ActiveCfg = Debug|Any CPU
		{8FE9C599-167C-4472-9536-762D9AC5F5A7}.Debug|Any CPU.Build.0 = Debug|Any CPU
		{8FE9C599-167C-4472-9536-762D9AC5F5A7}.Release|Any CPU.ActiveCfg = Release|Any CPU
		{8FE9C599-167C-4472-9536-762D9AC5F5A7}.Release|Any CPU.Build.0 = Release|Any CPU
		{387D29EF-4B89-4A37-99BB-EE94107843A0}.Debug|Any CPU.ActiveCfg = Debug|Any CPU
		{387D29EF-4B89-4A37-99BB-EE94107843A0}.Debug|Any CPU.Build.0 = Debug|Any CPU
		{387D29EF-4B89-4A37-99BB-EE94107843A0}.Release|Any CPU.ActiveCfg = Release|Any CPU
		{387D29EF-4B89-4A37-99BB-EE94107843A0}.Release|Any CPU.Build.0 = Release|Any CPU
		{1FA75263-8C63-4EBB-9A02-355AA8A5542E}.Debug|Any CPU.ActiveCfg = Debug|Any CPU
		{1FA75263-8C63-4EBB-9A02-355AA8A5542E}.Debug|Any CPU.Build.0 = Debug|Any CPU
		{1FA75263-8C63-4EBB-9A02-355AA8A5542E}.Release|Any CPU.ActiveCfg = Release|Any CPU
		{1FA75263-8C63-4EBB-9A02-355AA8A5542E}.Release|Any CPU.Build.0 = Release|Any CPU
		{1124F5A8-DD3A-4B1C-A347-213628F58516}.Debug|Any CPU.ActiveCfg = Debug|Any CPU
		{1124F5A8-DD3A-4B1C-A347-213628F58516}.Debug|Any CPU.Build.0 = Debug|Any CPU
		{1124F5A8-DD3A-4B1C-A347-213628F58516}.Release|Any CPU.ActiveCfg = Release|Any CPU
		{1124F5A8-DD3A-4B1C-A347-213628F58516}.Release|Any CPU.Build.0 = Release|Any CPU
		{C7D293F8-9B5F-4FAA-BB9E-BB1547690DB8}.Debug|Any CPU.ActiveCfg = Debug|Any CPU
		{C7D293F8-9B5F-4FAA-BB9E-BB1547690DB8}.Debug|Any CPU.Build.0 = Debug|Any CPU
		{C7D293F8-9B5F-4FAA-BB9E-BB1547690DB8}.Release|Any CPU.ActiveCfg = Release|Any CPU
		{C7D293F8-9B5F-4FAA-BB9E-BB1547690DB8}.Release|Any CPU.Build.0 = Release|Any CPU
		{65033CA5-1768-4E42-AF0A-1834FB764E5A}.Debug|Any CPU.ActiveCfg = Debug|Any CPU
		{65033CA5-1768-4E42-AF0A-1834FB764E5A}.Debug|Any CPU.Build.0 = Debug|Any CPU
		{65033CA5-1768-4E42-AF0A-1834FB764E5A}.Release|Any CPU.ActiveCfg = Release|Any CPU
		{65033CA5-1768-4E42-AF0A-1834FB764E5A}.Release|Any CPU.Build.0 = Release|Any CPU
		{9ED55981-3FF9-4CB2-97F9-21B756AD8262}.Debug|Any CPU.ActiveCfg = Debug|Any CPU
		{9ED55981-3FF9-4CB2-97F9-21B756AD8262}.Debug|Any CPU.Build.0 = Debug|Any CPU
		{9ED55981-3FF9-4CB2-97F9-21B756AD8262}.Release|Any CPU.ActiveCfg = Release|Any CPU
		{9ED55981-3FF9-4CB2-97F9-21B756AD8262}.Release|Any CPU.Build.0 = Release|Any CPU
		{2C64A100-2B17-4092-8694-B27AF41889C5}.Debug|Any CPU.ActiveCfg = Debug|Any CPU
		{2C64A100-2B17-4092-8694-B27AF41889C5}.Debug|Any CPU.Build.0 = Debug|Any CPU
		{2C64A100-2B17-4092-8694-B27AF41889C5}.Release|Any CPU.ActiveCfg = Release|Any CPU
		{2C64A100-2B17-4092-8694-B27AF41889C5}.Release|Any CPU.Build.0 = Release|Any CPU
		{3B174806-49F4-4E67-8293-FE522D84927B}.Debug|Any CPU.ActiveCfg = Debug|Any CPU
		{3B174806-49F4-4E67-8293-FE522D84927B}.Debug|Any CPU.Build.0 = Debug|Any CPU
		{3B174806-49F4-4E67-8293-FE522D84927B}.Release|Any CPU.ActiveCfg = Release|Any CPU
		{3B174806-49F4-4E67-8293-FE522D84927B}.Release|Any CPU.Build.0 = Release|Any CPU
		{D8429154-E198-4A48-B3E2-9F86404BE827}.Debug|Any CPU.ActiveCfg = Debug|Any CPU
		{D8429154-E198-4A48-B3E2-9F86404BE827}.Debug|Any CPU.Build.0 = Debug|Any CPU
		{D8429154-E198-4A48-B3E2-9F86404BE827}.Release|Any CPU.ActiveCfg = Release|Any CPU
		{D8429154-E198-4A48-B3E2-9F86404BE827}.Release|Any CPU.Build.0 = Release|Any CPU
		{A6495EDA-A0E4-4607-B4D0-CBA752D072FA}.Debug|Any CPU.ActiveCfg = Debug|Any CPU
		{A6495EDA-A0E4-4607-B4D0-CBA752D072FA}.Debug|Any CPU.Build.0 = Debug|Any CPU
		{A6495EDA-A0E4-4607-B4D0-CBA752D072FA}.Release|Any CPU.ActiveCfg = Release|Any CPU
		{A6495EDA-A0E4-4607-B4D0-CBA752D072FA}.Release|Any CPU.Build.0 = Release|Any CPU
		{05C8D3E8-FE27-4F4C-8E73-83964D55EEB3}.Debug|Any CPU.ActiveCfg = Debug|Any CPU
		{05C8D3E8-FE27-4F4C-8E73-83964D55EEB3}.Debug|Any CPU.Build.0 = Debug|Any CPU
		{05C8D3E8-FE27-4F4C-8E73-83964D55EEB3}.Release|Any CPU.ActiveCfg = Release|Any CPU
		{05C8D3E8-FE27-4F4C-8E73-83964D55EEB3}.Release|Any CPU.Build.0 = Release|Any CPU
		{AFD5BA47-34CE-41F5-B363-2B81DC00B093}.Debug|Any CPU.ActiveCfg = Debug|Any CPU
		{AFD5BA47-34CE-41F5-B363-2B81DC00B093}.Debug|Any CPU.Build.0 = Debug|Any CPU
		{AFD5BA47-34CE-41F5-B363-2B81DC00B093}.Release|Any CPU.ActiveCfg = Release|Any CPU
		{AFD5BA47-34CE-41F5-B363-2B81DC00B093}.Release|Any CPU.Build.0 = Release|Any CPU
		{F69724F4-914C-4CD6-94BB-FC584E08E98B}.Debug|Any CPU.ActiveCfg = Debug|Any CPU
		{F69724F4-914C-4CD6-94BB-FC584E08E98B}.Debug|Any CPU.Build.0 = Debug|Any CPU
		{F69724F4-914C-4CD6-94BB-FC584E08E98B}.Release|Any CPU.ActiveCfg = Release|Any CPU
		{F69724F4-914C-4CD6-94BB-FC584E08E98B}.Release|Any CPU.Build.0 = Release|Any CPU
		{CB03AA9F-2ECA-48AB-AE53-FBC8607B6DAB}.Debug|Any CPU.ActiveCfg = Debug|Any CPU
		{CB03AA9F-2ECA-48AB-AE53-FBC8607B6DAB}.Debug|Any CPU.Build.0 = Debug|Any CPU
		{CB03AA9F-2ECA-48AB-AE53-FBC8607B6DAB}.Release|Any CPU.ActiveCfg = Release|Any CPU
		{CB03AA9F-2ECA-48AB-AE53-FBC8607B6DAB}.Release|Any CPU.Build.0 = Release|Any CPU
		{E0C518FE-5EC3-43A0-AF10-54A5AE6BD3B4}.Debug|Any CPU.ActiveCfg = Debug|Any CPU
		{E0C518FE-5EC3-43A0-AF10-54A5AE6BD3B4}.Debug|Any CPU.Build.0 = Debug|Any CPU
		{E0C518FE-5EC3-43A0-AF10-54A5AE6BD3B4}.Release|Any CPU.ActiveCfg = Release|Any CPU
		{E0C518FE-5EC3-43A0-AF10-54A5AE6BD3B4}.Release|Any CPU.Build.0 = Release|Any CPU
		{44DEAA6E-010D-4045-AE74-A21B92BE38E6}.Debug|Any CPU.ActiveCfg = Debug|Any CPU
		{44DEAA6E-010D-4045-AE74-A21B92BE38E6}.Debug|Any CPU.Build.0 = Debug|Any CPU
		{44DEAA6E-010D-4045-AE74-A21B92BE38E6}.Release|Any CPU.ActiveCfg = Release|Any CPU
		{44DEAA6E-010D-4045-AE74-A21B92BE38E6}.Release|Any CPU.Build.0 = Release|Any CPU
	EndGlobalSection
	GlobalSection(SolutionProperties) = preSolution
		HideSolutionNode = FALSE
	EndGlobalSection
	GlobalSection(NestedProjects) = preSolution
		{4DEDB443-8DE5-40C7-B8C0-17633BD4DF16} = {6DEE7D3E-8FAF-4778-AC46-DC3BA8F512AE}
		{6F1D49B7-42CD-4B0F-9052-91C6F23FE441} = {6DEE7D3E-8FAF-4778-AC46-DC3BA8F512AE}
		{8FE9C599-167C-4472-9536-762D9AC5F5A7} = {6DEE7D3E-8FAF-4778-AC46-DC3BA8F512AE}
		{387D29EF-4B89-4A37-99BB-EE94107843A0} = {6DEE7D3E-8FAF-4778-AC46-DC3BA8F512AE}
		{1FA75263-8C63-4EBB-9A02-355AA8A5542E} = {6DEE7D3E-8FAF-4778-AC46-DC3BA8F512AE}
		{1124F5A8-DD3A-4B1C-A347-213628F58516} = {836E9337-6F41-4F68-8208-F8B2F61FF65F}
		{C7D293F8-9B5F-4FAA-BB9E-BB1547690DB8} = {836E9337-6F41-4F68-8208-F8B2F61FF65F}
		{65033CA5-1768-4E42-AF0A-1834FB764E5A} = {836E9337-6F41-4F68-8208-F8B2F61FF65F}
		{9ED55981-3FF9-4CB2-97F9-21B756AD8262} = {836E9337-6F41-4F68-8208-F8B2F61FF65F}
		{2C64A100-2B17-4092-8694-B27AF41889C5} = {836E9337-6F41-4F68-8208-F8B2F61FF65F}
		{3B174806-49F4-4E67-8293-FE522D84927B} = {9B41DB7D-B5FC-4343-87D3-D93E6B10535B}
		{D8429154-E198-4A48-B3E2-9F86404BE827} = {9B41DB7D-B5FC-4343-87D3-D93E6B10535B}
		{A6495EDA-A0E4-4607-B4D0-CBA752D072FA} = {9B41DB7D-B5FC-4343-87D3-D93E6B10535B}
		{05C8D3E8-FE27-4F4C-8E73-83964D55EEB3} = {9B41DB7D-B5FC-4343-87D3-D93E6B10535B}
		{AFD5BA47-34CE-41F5-B363-2B81DC00B093} = {4CADE5DC-0C89-481B-BD14-2370579B2E94}
		{F69724F4-914C-4CD6-94BB-FC584E08E98B} = {4CADE5DC-0C89-481B-BD14-2370579B2E94}
		{CB03AA9F-2ECA-48AB-AE53-FBC8607B6DAB} = {4CADE5DC-0C89-481B-BD14-2370579B2E94}
		{E0C518FE-5EC3-43A0-AF10-54A5AE6BD3B4} = {4CADE5DC-0C89-481B-BD14-2370579B2E94}
		{44DEAA6E-010D-4045-AE74-A21B92BE38E6} = {4D88C4C9-ACBF-425F-8FF6-51A58DA6B855}
	EndGlobalSection
	GlobalSection(ExtensibilityGlobals) = postSolution
		SolutionGuid = {598994B3-2269-439E-973A-85B194657825}
	EndGlobalSection
EndGlobal
