
Microsoft Visual Studio Solution File, Format Version 12.00
# Visual Studio Version 17
VisualStudioVersion = 17.5.002.0
MinimumVisualStudioVersion = 10.0.40219.1
Project("{2150E333-8FDC-42A3-9474-1A3956D46DE8}") = "csharp-prep", "csharp-prep", "{74691734-057F-4E5B-9C67-E88A51353E72}"
EndProject
Project("{9A19103F-16F7-4668-BE54-9A1E7A4F7556}") = "Prep1", "csharp-prep\Prep1\Prep1.csproj", "{7AF0CA02-E46D-42DA-976D-2EFD9F0E539E}"
EndProject
Project("{9A19103F-16F7-4668-BE54-9A1E7A4F7556}") = "Prep2", "csharp-prep\Prep2\Prep2.csproj", "{3CFC7DC7-086B-4B1B-9EAD-C646032002AE}"
EndProject
Project("{9A19103F-16F7-4668-BE54-9A1E7A4F7556}") = "Prep3", "csharp-prep\Prep3\Prep3.csproj", "{3C736C1B-B3DB-43C6-8626-8FC34F8D7207}"
EndProject
Project("{9A19103F-16F7-4668-BE54-9A1E7A4F7556}") = "Prep4", "csharp-prep\Prep4\Prep4.csproj", "{89E784A5-56AC-4035-B1DB-36EA6909D344}"
EndProject
Project("{9A19103F-16F7-4668-BE54-9A1E7A4F7556}") = "Prep5", "csharp-prep\Prep5\Prep5.csproj", "{12B1B20C-C091-403C-9861-701A651FC38D}"
EndProject
Project("{2150E333-8FDC-42A3-9474-1A3956D46DE8}") = "final", "final", "{3C72E2E5-474B-4107-9A20-CEFDD84F3D1D}"
EndProject
Project("{9A19103F-16F7-4668-BE54-9A1E7A4F7556}") = "FinalProject", "final\FinalProject\FinalProject.csproj", "{B67212CC-A665-4B5C-ABA0-FB3EA7042D4A}"
EndProject
Project("{9A19103F-16F7-4668-BE54-9A1E7A4F7556}") = "Foundation1", "final\Foundation1\Foundation1.csproj", "{AC1D5A17-F8C1-4ED1-A627-C225C931B8C6}"
EndProject
Project("{9A19103F-16F7-4668-BE54-9A1E7A4F7556}") = "Foundation2", "final\Foundation2\Foundation2.csproj", "{1965AE2D-FE75-4901-9841-4458EB13FD8A}"
EndProject
Project("{9A19103F-16F7-4668-BE54-9A1E7A4F7556}") = "Foundation3", "final\Foundation3\Foundation3.csproj", "{76F0700B-F449-4101-8474-A449258F3606}"
EndProject
Project("{9A19103F-16F7-4668-BE54-9A1E7A4F7556}") = "Foundation4", "final\Foundation4\Foundation4.csproj", "{51F81351-E000-4103-86E5-2D7464BF186A}"
EndProject
Project("{2150E333-8FDC-42A3-9474-1A3956D46DE8}") = "prepare", "prepare", "{65B5E323-236F-46AE-BF87-ADDC821E592E}"
EndProject
Project("{9A19103F-16F7-4668-BE54-9A1E7A4F7556}") = "Learning02", "prepare\Learning02\Learning02.csproj", "{C9CFBDBC-10DA-4EBF-82F6-05AA633B3F15}"
EndProject
Project("{9A19103F-16F7-4668-BE54-9A1E7A4F7556}") = "Learning03", "prepare\Learning03\Learning03.csproj", "{935B4FFC-F9F7-4424-9BED-5EAF26BF599D}"
EndProject
Project("{9A19103F-16F7-4668-BE54-9A1E7A4F7556}") = "Learning04", "prepare\Learning04\Learning04.csproj", "{1C3EA207-F103-45AE-A182-67256D4C58B4}"
EndProject
Project("{9A19103F-16F7-4668-BE54-9A1E7A4F7556}") = "Learning05", "prepare\Learning05\Learning05.csproj", "{5715F0AA-253E-4FA2-9E59-60B9D15CD47B}"
EndProject
Project("{2150E333-8FDC-42A3-9474-1A3956D46DE8}") = "prove", "prove", "{FE3FD6AD-5EB0-48E1-A072-DF5078539233}"
EndProject
Project("{9A19103F-16F7-4668-BE54-9A1E7A4F7556}") = "Develop02", "prove\Develop02\Develop02.csproj", "{02EF1EC4-F8D8-4B46-810F-6F93B68FF74E}"
EndProject
Project("{9A19103F-16F7-4668-BE54-9A1E7A4F7556}") = "Develop03", "prove\Develop03\Develop03.csproj", "{04A09824-2C73-4839-89F6-F411E293E97E}"
EndProject
Project("{9A19103F-16F7-4668-BE54-9A1E7A4F7556}") = "Develop04", "prove\Develop04\Develop04.csproj", "{F13E7C00-ABEF-4A1C-A31F-569D117411AC}"
EndProject
Project("{9A19103F-16F7-4668-BE54-9A1E7A4F7556}") = "Develop05", "prove\Develop05\Develop05.csproj", "{8BBA4C4C-7FD7-4CCD-96FC-9A41A18E973A}"
EndProject
Project("{2150E333-8FDC-42A3-9474-1A3956D46DE8}") = "sandbox", "sandbox", "{147C8241-7DCD-4701-A2BD-78FAF53D1BEA}"
EndProject
Project("{9A19103F-16F7-4668-BE54-9A1E7A4F7556}") = "Sandbox", "sandbox\Sandbox\Sandbox.csproj", "{E1331A73-472F-4ADA-A7A0-02DD8FE5EA13}"
EndProject
Global
	GlobalSection(SolutionConfigurationPlatforms) = preSolution
		Debug|Any CPU = Debug|Any CPU
		Release|Any CPU = Release|Any CPU
	EndGlobalSection
	GlobalSection(ProjectConfigurationPlatforms) = postSolution
		{7AF0CA02-E46D-42DA-976D-2EFD9F0E539E}.Debug|Any CPU.ActiveCfg = Debug|Any CPU
		{7AF0CA02-E46D-42DA-976D-2EFD9F0E539E}.Debug|Any CPU.Build.0 = Debug|Any CPU
		{7AF0CA02-E46D-42DA-976D-2EFD9F0E539E}.Release|Any CPU.ActiveCfg = Release|Any CPU
		{7AF0CA02-E46D-42DA-976D-2EFD9F0E539E}.Release|Any CPU.Build.0 = Release|Any CPU
		{3CFC7DC7-086B-4B1B-9EAD-C646032002AE}.Debug|Any CPU.ActiveCfg = Debug|Any CPU
		{3CFC7DC7-086B-4B1B-9EAD-C646032002AE}.Debug|Any CPU.Build.0 = Debug|Any CPU
		{3CFC7DC7-086B-4B1B-9EAD-C646032002AE}.Release|Any CPU.ActiveCfg = Release|Any CPU
		{3CFC7DC7-086B-4B1B-9EAD-C646032002AE}.Release|Any CPU.Build.0 = Release|Any CPU
		{3C736C1B-B3DB-43C6-8626-8FC34F8D7207}.Debug|Any CPU.ActiveCfg = Debug|Any CPU
		{3C736C1B-B3DB-43C6-8626-8FC34F8D7207}.Debug|Any CPU.Build.0 = Debug|Any CPU
		{3C736C1B-B3DB-43C6-8626-8FC34F8D7207}.Release|Any CPU.ActiveCfg = Release|Any CPU
		{3C736C1B-B3DB-43C6-8626-8FC34F8D7207}.Release|Any CPU.Build.0 = Release|Any CPU
		{89E784A5-56AC-4035-B1DB-36EA6909D344}.Debug|Any CPU.ActiveCfg = Debug|Any CPU
		{89E784A5-56AC-4035-B1DB-36EA6909D344}.Debug|Any CPU.Build.0 = Debug|Any CPU
		{89E784A5-56AC-4035-B1DB-36EA6909D344}.Release|Any CPU.ActiveCfg = Release|Any CPU
		{89E784A5-56AC-4035-B1DB-36EA6909D344}.Release|Any CPU.Build.0 = Release|Any CPU
		{12B1B20C-C091-403C-9861-701A651FC38D}.Debug|Any CPU.ActiveCfg = Debug|Any CPU
		{12B1B20C-C091-403C-9861-701A651FC38D}.Debug|Any CPU.Build.0 = Debug|Any CPU
		{12B1B20C-C091-403C-9861-701A651FC38D}.Release|Any CPU.ActiveCfg = Release|Any CPU
		{12B1B20C-C091-403C-9861-701A651FC38D}.Release|Any CPU.Build.0 = Release|Any CPU
		{B67212CC-A665-4B5C-ABA0-FB3EA7042D4A}.Debug|Any CPU.ActiveCfg = Debug|Any CPU
		{B67212CC-A665-4B5C-ABA0-FB3EA7042D4A}.Debug|Any CPU.Build.0 = Debug|Any CPU
		{B67212CC-A665-4B5C-ABA0-FB3EA7042D4A}.Release|Any CPU.ActiveCfg = Release|Any CPU
		{B67212CC-A665-4B5C-ABA0-FB3EA7042D4A}.Release|Any CPU.Build.0 = Release|Any CPU
		{AC1D5A17-F8C1-4ED1-A627-C225C931B8C6}.Debug|Any CPU.ActiveCfg = Debug|Any CPU
		{AC1D5A17-F8C1-4ED1-A627-C225C931B8C6}.Debug|Any CPU.Build.0 = Debug|Any CPU
		{AC1D5A17-F8C1-4ED1-A627-C225C931B8C6}.Release|Any CPU.ActiveCfg = Release|Any CPU
		{AC1D5A17-F8C1-4ED1-A627-C225C931B8C6}.Release|Any CPU.Build.0 = Release|Any CPU
		{1965AE2D-FE75-4901-9841-4458EB13FD8A}.Debug|Any CPU.ActiveCfg = Debug|Any CPU
		{1965AE2D-FE75-4901-9841-4458EB13FD8A}.Debug|Any CPU.Build.0 = Debug|Any CPU
		{1965AE2D-FE75-4901-9841-4458EB13FD8A}.Release|Any CPU.ActiveCfg = Release|Any CPU
		{1965AE2D-FE75-4901-9841-4458EB13FD8A}.Release|Any CPU.Build.0 = Release|Any CPU
		{76F0700B-F449-4101-8474-A449258F3606}.Debug|Any CPU.ActiveCfg = Debug|Any CPU
		{76F0700B-F449-4101-8474-A449258F3606}.Debug|Any CPU.Build.0 = Debug|Any CPU
		{76F0700B-F449-4101-8474-A449258F3606}.Release|Any CPU.ActiveCfg = Release|Any CPU
		{76F0700B-F449-4101-8474-A449258F3606}.Release|Any CPU.Build.0 = Release|Any CPU
		{51F81351-E000-4103-86E5-2D7464BF186A}.Debug|Any CPU.ActiveCfg = Debug|Any CPU
		{51F81351-E000-4103-86E5-2D7464BF186A}.Debug|Any CPU.Build.0 = Debug|Any CPU
		{51F81351-E000-4103-86E5-2D7464BF186A}.Release|Any CPU.ActiveCfg = Release|Any CPU
		{51F81351-E000-4103-86E5-2D7464BF186A}.Release|Any CPU.Build.0 = Release|Any CPU
		{C9CFBDBC-10DA-4EBF-82F6-05AA633B3F15}.Debug|Any CPU.ActiveCfg = Debug|Any CPU
		{C9CFBDBC-10DA-4EBF-82F6-05AA633B3F15}.Debug|Any CPU.Build.0 = Debug|Any CPU
		{C9CFBDBC-10DA-4EBF-82F6-05AA633B3F15}.Release|Any CPU.ActiveCfg = Release|Any CPU
		{C9CFBDBC-10DA-4EBF-82F6-05AA633B3F15}.Release|Any CPU.Build.0 = Release|Any CPU
		{935B4FFC-F9F7-4424-9BED-5EAF26BF599D}.Debug|Any CPU.ActiveCfg = Debug|Any CPU
		{935B4FFC-F9F7-4424-9BED-5EAF26BF599D}.Debug|Any CPU.Build.0 = Debug|Any CPU
		{935B4FFC-F9F7-4424-9BED-5EAF26BF599D}.Release|Any CPU.ActiveCfg = Release|Any CPU
		{935B4FFC-F9F7-4424-9BED-5EAF26BF599D}.Release|Any CPU.Build.0 = Release|Any CPU
		{1C3EA207-F103-45AE-A182-67256D4C58B4}.Debug|Any CPU.ActiveCfg = Debug|Any CPU
		{1C3EA207-F103-45AE-A182-67256D4C58B4}.Debug|Any CPU.Build.0 = Debug|Any CPU
		{1C3EA207-F103-45AE-A182-67256D4C58B4}.Release|Any CPU.ActiveCfg = Release|Any CPU
		{1C3EA207-F103-45AE-A182-67256D4C58B4}.Release|Any CPU.Build.0 = Release|Any CPU
		{5715F0AA-253E-4FA2-9E59-60B9D15CD47B}.Debug|Any CPU.ActiveCfg = Debug|Any CPU
		{5715F0AA-253E-4FA2-9E59-60B9D15CD47B}.Debug|Any CPU.Build.0 = Debug|Any CPU
		{5715F0AA-253E-4FA2-9E59-60B9D15CD47B}.Release|Any CPU.ActiveCfg = Release|Any CPU
		{5715F0AA-253E-4FA2-9E59-60B9D15CD47B}.Release|Any CPU.Build.0 = Release|Any CPU
		{02EF1EC4-F8D8-4B46-810F-6F93B68FF74E}.Debug|Any CPU.ActiveCfg = Debug|Any CPU
		{02EF1EC4-F8D8-4B46-810F-6F93B68FF74E}.Debug|Any CPU.Build.0 = Debug|Any CPU
		{02EF1EC4-F8D8-4B46-810F-6F93B68FF74E}.Release|Any CPU.ActiveCfg = Release|Any CPU
		{02EF1EC4-F8D8-4B46-810F-6F93B68FF74E}.Release|Any CPU.Build.0 = Release|Any CPU
		{04A09824-2C73-4839-89F6-F411E293E97E}.Debug|Any CPU.ActiveCfg = Debug|Any CPU
		{04A09824-2C73-4839-89F6-F411E293E97E}.Debug|Any CPU.Build.0 = Debug|Any CPU
		{04A09824-2C73-4839-89F6-F411E293E97E}.Release|Any CPU.ActiveCfg = Release|Any CPU
		{04A09824-2C73-4839-89F6-F411E293E97E}.Release|Any CPU.Build.0 = Release|Any CPU
		{F13E7C00-ABEF-4A1C-A31F-569D117411AC}.Debug|Any CPU.ActiveCfg = Debug|Any CPU
		{F13E7C00-ABEF-4A1C-A31F-569D117411AC}.Debug|Any CPU.Build.0 = Debug|Any CPU
		{F13E7C00-ABEF-4A1C-A31F-569D117411AC}.Release|Any CPU.ActiveCfg = Release|Any CPU
		{F13E7C00-ABEF-4A1C-A31F-569D117411AC}.Release|Any CPU.Build.0 = Release|Any CPU
		{8BBA4C4C-7FD7-4CCD-96FC-9A41A18E973A}.Debug|Any CPU.ActiveCfg = Debug|Any CPU
		{8BBA4C4C-7FD7-4CCD-96FC-9A41A18E973A}.Debug|Any CPU.Build.0 = Debug|Any CPU
		{8BBA4C4C-7FD7-4CCD-96FC-9A41A18E973A}.Release|Any CPU.ActiveCfg = Release|Any CPU
		{8BBA4C4C-7FD7-4CCD-96FC-9A41A18E973A}.Release|Any CPU.Build.0 = Release|Any CPU
		{E1331A73-472F-4ADA-A7A0-02DD8FE5EA13}.Debug|Any CPU.ActiveCfg = Debug|Any CPU
		{E1331A73-472F-4ADA-A7A0-02DD8FE5EA13}.Debug|Any CPU.Build.0 = Debug|Any CPU
		{E1331A73-472F-4ADA-A7A0-02DD8FE5EA13}.Release|Any CPU.ActiveCfg = Release|Any CPU
		{E1331A73-472F-4ADA-A7A0-02DD8FE5EA13}.Release|Any CPU.Build.0 = Release|Any CPU
	EndGlobalSection
	GlobalSection(SolutionProperties) = preSolution
		HideSolutionNode = FALSE
	EndGlobalSection
	GlobalSection(NestedProjects) = preSolution
		{7AF0CA02-E46D-42DA-976D-2EFD9F0E539E} = {74691734-057F-4E5B-9C67-E88A51353E72}
		{3CFC7DC7-086B-4B1B-9EAD-C646032002AE} = {74691734-057F-4E5B-9C67-E88A51353E72}
		{3C736C1B-B3DB-43C6-8626-8FC34F8D7207} = {74691734-057F-4E5B-9C67-E88A51353E72}
		{89E784A5-56AC-4035-B1DB-36EA6909D344} = {74691734-057F-4E5B-9C67-E88A51353E72}
		{12B1B20C-C091-403C-9861-701A651FC38D} = {74691734-057F-4E5B-9C67-E88A51353E72}
		{B67212CC-A665-4B5C-ABA0-FB3EA7042D4A} = {3C72E2E5-474B-4107-9A20-CEFDD84F3D1D}
		{AC1D5A17-F8C1-4ED1-A627-C225C931B8C6} = {3C72E2E5-474B-4107-9A20-CEFDD84F3D1D}
		{1965AE2D-FE75-4901-9841-4458EB13FD8A} = {3C72E2E5-474B-4107-9A20-CEFDD84F3D1D}
		{76F0700B-F449-4101-8474-A449258F3606} = {3C72E2E5-474B-4107-9A20-CEFDD84F3D1D}
		{51F81351-E000-4103-86E5-2D7464BF186A} = {3C72E2E5-474B-4107-9A20-CEFDD84F3D1D}
		{C9CFBDBC-10DA-4EBF-82F6-05AA633B3F15} = {65B5E323-236F-46AE-BF87-ADDC821E592E}
		{935B4FFC-F9F7-4424-9BED-5EAF26BF599D} = {65B5E323-236F-46AE-BF87-ADDC821E592E}
		{1C3EA207-F103-45AE-A182-67256D4C58B4} = {65B5E323-236F-46AE-BF87-ADDC821E592E}
		{5715F0AA-253E-4FA2-9E59-60B9D15CD47B} = {65B5E323-236F-46AE-BF87-ADDC821E592E}
		{02EF1EC4-F8D8-4B46-810F-6F93B68FF74E} = {FE3FD6AD-5EB0-48E1-A072-DF5078539233}
		{04A09824-2C73-4839-89F6-F411E293E97E} = {FE3FD6AD-5EB0-48E1-A072-DF5078539233}
		{F13E7C00-ABEF-4A1C-A31F-569D117411AC} = {FE3FD6AD-5EB0-48E1-A072-DF5078539233}
		{8BBA4C4C-7FD7-4CCD-96FC-9A41A18E973A} = {FE3FD6AD-5EB0-48E1-A072-DF5078539233}
		{E1331A73-472F-4ADA-A7A0-02DD8FE5EA13} = {147C8241-7DCD-4701-A2BD-78FAF53D1BEA}
	EndGlobalSection
	GlobalSection(ExtensibilityGlobals) = postSolution
		SolutionGuid = {3C4D7B96-560B-40C6-B8EB-9B2E7A5F368C}
	EndGlobalSection
EndGlobal
